
Microsoft Visual Studio Solution File, Format Version 12.00
# Visual Studio Version 16
VisualStudioVersion = 16.0.30523.141
MinimumVisualStudioVersion = 10.0.40219.1
Project("{FAE04EC0-301F-11D3-BF4B-00C04F79EFBC}") = "LTIOpenstackProject", "LTIOpenstackProject.csproj", "{B8641CEE-E6D2-4582-984F-38BB549B2560}"
EndProject
Global
	GlobalSection(SolutionConfigurationPlatforms) = preSolution
		Debug|Any CPU = Debug|Any CPU
		Release|Any CPU = Release|Any CPU
	EndGlobalSection
	GlobalSection(ProjectConfigurationPlatforms) = postSolution
		{B8641CEE-E6D2-4582-984F-38BB549B2560}.Debug|Any CPU.ActiveCfg = Debug|Any CPU
		{B8641CEE-E6D2-4582-984F-38BB549B2560}.Debug|Any CPU.Build.0 = Debug|Any CPU
		{B8641CEE-E6D2-4582-984F-38BB549B2560}.Release|Any CPU.ActiveCfg = Release|Any CPU
		{B8641CEE-E6D2-4582-984F-38BB549B2560}.Release|Any CPU.Build.0 = Release|Any CPU
	EndGlobalSection
	GlobalSection(SolutionProperties) = preSolution
		HideSolutionNode = FALSE
	EndGlobalSection
	GlobalSection(ExtensibilityGlobals) = postSolution
		SolutionGuid = {5B3B889F-109A-46A1-B8EC-6FC367648307}
	EndGlobalSection
EndGlobal
